<?xml version="1.0" encoding="utf-8"?>
<Project ToolsVersion="4.0" xmlns="http://schemas.microsoft.com/developer/msbuild/2003">
  <ItemGroup>
    <Filter Include="Config">
      <UniqueIdentifier>{964f3287-55af-464d-b618-df04d9f4d3ac}</UniqueIdentifier>
    </Filter>
    <Filter Include="Raw Files">
      <UniqueIdentifier>{60fc8671-427b-4f6b-9903-9173e98f5dd4}</UniqueIdentifier>
    </Filter>
    <Filter Include="Raw Files\core">
      <UniqueIdentifier>{639c3cea-da02-43ae-918e-7bcad71b8412}</UniqueIdentifier>
    </Filter>
    <Filter Include="Raw Files\mods">
      <UniqueIdentifier>{595b515e-8e45-45f2-9493-35167bcc1d39}</UniqueIdentifier>
    </Filter>
    <Filter Include="Code">
      <UniqueIdentifier>{2ead198c-cb96-407d-a59d-ee044ea23c5e}</UniqueIdentifier>
    </Filter>
    <Filter Include="Code\Source Files">
      <UniqueIdentifier>{4FC737F1-C7A5-4376-A066-2A32D752A2FF}</UniqueIdentifier>
      <Extensions>cpp;c;cc;cxx;c++;cppm;ixx;def;odl;idl;hpj;bat;asm;asmx</Extensions>
    </Filter>
    <Filter Include="Code\Source Files\Things">
      <UniqueIdentifier>{553d1e5c-0296-4537-bde3-aa16d5ebcd7e}</UniqueIdentifier>
    </Filter>
    <Filter Include="Code\Source Files\Game States">
      <UniqueIdentifier>{35f7d9eb-3f3d-4dc2-a658-7d501cfe0177}</UniqueIdentifier>
    </Filter>
    <Filter Include="Code\Source Files\Entity">
      <UniqueIdentifier>{c5a28222-693c-4268-9a5e-ed733aee0c33}</UniqueIdentifier>
    </Filter>
    <Filter Include="Code\Source Files\Tile Map">
      <UniqueIdentifier>{cf2dcd8b-3e96-4965-bb2a-42974de08653}</UniqueIdentifier>
    </Filter>
    <Filter Include="Code\Source Files\Actions">
      <UniqueIdentifier>{b35583c0-9f62-49e6-a965-1889d907dec9}</UniqueIdentifier>
    </Filter>
    <Filter Include="Code\Source Files\Input">
      <UniqueIdentifier>{bc1c5403-761e-414c-8dde-ea27189e393f}</UniqueIdentifier>
    </Filter>
    <Filter Include="Code\Source Files\AI">
      <UniqueIdentifier>{21e7920c-2744-4c43-815e-6683172e95d4}</UniqueIdentifier>
    </Filter>
    <Filter Include="Code\Header Files">
      <UniqueIdentifier>{93995380-89BD-4b04-88EB-625FBE52EBFB}</UniqueIdentifier>
      <Extensions>h;hh;hpp;hxx;h++;hm;inl;inc;ipp;xsd</Extensions>
    </Filter>
    <Filter Include="Code\Header Files\Data">
      <UniqueIdentifier>{f6074b59-93f4-4419-b061-9f750a4ddd78}</UniqueIdentifier>
    </Filter>
    <Filter Include="Code\Header Files\Things">
      <UniqueIdentifier>{b52a7e55-435d-41b3-af2f-e4ec1ba6a450}</UniqueIdentifier>
    </Filter>
    <Filter Include="Code\Header Files\Entity">
      <UniqueIdentifier>{4f6a588c-1770-4a2b-b5b8-6a79b4e975aa}</UniqueIdentifier>
    </Filter>
    <Filter Include="Code\Header Files\Game States">
      <UniqueIdentifier>{1aab7164-1170-48ea-bd08-b6e55ac1058e}</UniqueIdentifier>
    </Filter>
    <Filter Include="Code\Header Files\Tile Map">
      <UniqueIdentifier>{96694cbb-776e-43d6-80b6-f9223ab11e1d}</UniqueIdentifier>
    </Filter>
    <Filter Include="Code\Header Files\Actions">
      <UniqueIdentifier>{70752da2-06dc-4e56-8772-64eca959502c}</UniqueIdentifier>
    </Filter>
    <Filter Include="Code\Header Files\Input">
      <UniqueIdentifier>{9510a4ee-5acf-4c07-96cb-3e09dd14690d}</UniqueIdentifier>
    </Filter>
    <Filter Include="Code\Header Files\AI">
      <UniqueIdentifier>{ab2de40a-7c79-4992-a55d-0cb30090465b}</UniqueIdentifier>
    </Filter>
    <Filter Include="Code\Header Files\Entity\Components">
      <UniqueIdentifier>{df13e939-b2d8-41bc-b60d-729902e006ce}</UniqueIdentifier>
    </Filter>
    <Filter Include="Code\Source Files\Entity\Components">
      <UniqueIdentifier>{70be06aa-6527-4f03-a014-6afd27b0ba3c}</UniqueIdentifier>
    </Filter>
    <Filter Include="Code\Source Files\Data">
      <UniqueIdentifier>{a39e1750-726e-44d3-8d83-dd332cb845ee}</UniqueIdentifier>
    </Filter>
  </ItemGroup>
  <ItemGroup>
    <ClInclude Include="src\lemonade_game.h">
      <Filter>Code\Header Files</Filter>
    </ClInclude>
    <ClInclude Include="src\game.h">
      <Filter>Code\Header Files</Filter>
    </ClInclude>
    <ClInclude Include="src\world.h">
      <Filter>Code\Header Files</Filter>
    </ClInclude>
    <ClInclude Include="src\world_state.h">
      <Filter>Code\Header Files\Game States</Filter>
    </ClInclude>
    <ClInclude Include="src\render_params.h">
      <Filter>Code\Header Files\Data</Filter>
    </ClInclude>
    <ClInclude Include="src\time_units.h">
      <Filter>Code\Header Files\Data</Filter>
    </ClInclude>
    <ClInclude Include="src\snowy_grammar.h">
      <Filter>Code\Header Files\Data</Filter>
    </ClInclude>
    <ClInclude Include="src\creature_soul.h">
      <Filter>Code\Header Files\Things</Filter>
    </ClInclude>
    <ClInclude Include="src\species.h">
      <Filter>Code\Header Files\Data</Filter>
    </ClInclude>
    <ClInclude Include="src\game_loop.h">
      <Filter>Code\Header Files</Filter>
    </ClInclude>
    <ClInclude Include="src\entity.h">
      <Filter>Code\Header Files\Entity</Filter>
    </ClInclude>
    <ClInclude Include="src\tile_map.h">
      <Filter>Code\Header Files\Tile Map</Filter>
    </ClInclude>
    <ClInclude Include="src\thing.h">
      <Filter>Code\Header Files\Things</Filter>
    </ClInclude>
    <ClInclude Include="src\tile.h">
      <Filter>Code\Header Files\Tile Map</Filter>
    </ClInclude>
    <ClInclude Include="src\game_states.h">
      <Filter>Code\Header Files\Game States</Filter>
    </ClInclude>
    <ClInclude Include="src\action.h">
      <Filter>Code\Header Files\Actions</Filter>
    </ClInclude>
    <ClInclude Include="src\input_handler.h">
      <Filter>Code\Header Files\Input</Filter>
    </ClInclude>
    <ClInclude Include="src\player_input_handler.h">
      <Filter>Code\Header Files\Input</Filter>
    </ClInclude>
    <ClInclude Include="src\creature.h">
      <Filter>Code\Header Files\Entity</Filter>
    </ClInclude>
    <ClInclude Include="src\map_builder.h">
      <Filter>Code\Header Files\Tile Map</Filter>
    </ClInclude>
    <ClInclude Include="src\fov.h">
      <Filter>Code\Header Files</Filter>
    </ClInclude>
    <ClInclude Include="src\direction_action.h">
      <Filter>Code\Header Files\Actions</Filter>
    </ClInclude>
    <ClInclude Include="src\location_actions.h">
      <Filter>Code\Header Files\Actions</Filter>
    </ClInclude>
    <ClInclude Include="src\misc_actions.h">
      <Filter>Code\Header Files\Actions</Filter>
    </ClInclude>
    <ClInclude Include="src\ai_handler.h">
      <Filter>Code\Header Files\AI</Filter>
    </ClInclude>
    <ClInclude Include="src\dice_rolls.h">
      <Filter>Code\Header Files\Data</Filter>
    </ClInclude>
    <ClInclude Include="src\snowy_units.h">
      <Filter>Code\Header Files\Data</Filter>
    </ClInclude>
    <ClInclude Include="src\tile_type.h">
      <Filter>Code\Header Files\Things</Filter>
    </ClInclude>
    <ClInclude Include="src\body_part_type.h">
      <Filter>Code\Header Files\Data</Filter>
    </ClInclude>
    <ClInclude Include="src\body_part.h">
      <Filter>Code\Header Files\Things</Filter>
    </ClInclude>
    <ClInclude Include="src\body_plan.h">
      <Filter>Code\Header Files\Data</Filter>
    </ClInclude>
    <ClInclude Include="src\renderer.h">
      <Filter>Code\Header Files</Filter>
    </ClInclude>
    <ClInclude Include="src\raw_master.h">
      <Filter>Code\Header Files</Filter>
    </ClInclude>
    <ClInclude Include="src\anatomy.h">
      <Filter>Code\Header Files\Entity\Components</Filter>
    </ClInclude>
    <ClInclude Include="src\inventory.h">
      <Filter>Code\Header Files\Entity\Components</Filter>
    </ClInclude>
    <ClInclude Include="src\body_part_components.h">
      <Filter>Code\Header Files\Data</Filter>
    </ClInclude>
    <ClInclude Include="src\stat_values.h">
      <Filter>Code\Header Files\Data</Filter>
    </ClInclude>
  </ItemGroup>
  <ItemGroup>
    <ClCompile Include="src\main.cpp">
      <Filter>Code\Source Files</Filter>
    </ClCompile>
    <ClCompile Include="src\world_state.cpp">
      <Filter>Code\Source Files\Game States</Filter>
    </ClCompile>
    <ClCompile Include="src\world.cpp">
      <Filter>Code\Source Files</Filter>
    </ClCompile>
    <ClCompile Include="src\game_loop.cpp">
      <Filter>Code\Source Files</Filter>
    </ClCompile>
    <ClCompile Include="src\entity.cpp">
      <Filter>Code\Source Files\Entity</Filter>
    </ClCompile>
    <ClCompile Include="src\tile_map.cpp">
      <Filter>Code\Source Files\Tile Map</Filter>
    </ClCompile>
    <ClCompile Include="src\action.cpp">
      <Filter>Code\Source Files\Actions</Filter>
    </ClCompile>
    <ClCompile Include="src\player_input_handler.cpp">
      <Filter>Code\Source Files\Input</Filter>
    </ClCompile>
    <ClCompile Include="src\creature_soul.cpp">
      <Filter>Code\Source Files\Things</Filter>
    </ClCompile>
    <ClCompile Include="src\fov.cpp">
      <Filter>Code\Source Files</Filter>
    </ClCompile>
    <ClCompile Include="src\direction_action.cpp">
      <Filter>Code\Source Files\Actions</Filter>
    </ClCompile>
    <ClCompile Include="src\location_actions.cpp">
      <Filter>Code\Source Files\Actions</Filter>
    </ClCompile>
    <ClCompile Include="src\misc_actions.cpp">
      <Filter>Code\Source Files\Actions</Filter>
    </ClCompile>
    <ClCompile Include="src\creature.cpp">
      <Filter>Code\Source Files\Entity</Filter>
    </ClCompile>
    <ClCompile Include="src\ai_handler.cpp">
      <Filter>Code\Source Files\AI</Filter>
    </ClCompile>
    <ClCompile Include="src\input_handler.cpp">
      <Filter>Code\Source Files\Input</Filter>
    </ClCompile>
    <ClCompile Include="src\tile_type.cpp">
      <Filter>Code\Source Files\Tile Map</Filter>
    </ClCompile>
    <ClCompile Include="src\body_part.cpp">
      <Filter>Code\Source Files\Things</Filter>
    </ClCompile>
    <ClCompile Include="src\game_states.cpp">
      <Filter>Code\Source Files\Game States</Filter>
    </ClCompile>
    <ClCompile Include="src\renderer.cpp">
      <Filter>Code\Source Files</Filter>
    </ClCompile>
    <ClCompile Include="src\raw_master.cpp">
      <Filter>Code\Source Files</Filter>
    </ClCompile>
    <ClCompile Include="src\anatomy.cpp">
      <Filter>Code\Source Files\Entity\Components</Filter>
    </ClCompile>
    <ClCompile Include="src\inventory.cpp">
      <Filter>Code\Source Files\Entity\Components</Filter>
    </ClCompile>
    <ClCompile Include="src\species.cpp">
      <Filter>Code\Source Files\Data</Filter>
    </ClCompile>
  </ItemGroup>
  <ItemGroup>
    <None Include="data\config\settings.cfg">
      <Filter>Config</Filter>
    </None>
  </ItemGroup>
</Project>